
Microsoft Visual Studio Solution File, Format Version 12.00
# Visual Studio 2013
VisualStudioVersion = 12.0.21005.1
MinimumVisualStudioVersion = 10.0.40219.1
Project("{FAE04EC0-301F-11D3-BF4B-00C04F79EFBC}") = "AccionLaboral", "AccionLaboral\AccionLaboral.csproj", "{0598C3C4-C8A4-48D2-86F3-D7A5067EF050}"
EndProject
Project("{FAE04EC0-301F-11D3-BF4B-00C04F79EFBC}") = "AccionLaboral.Tests", "AccionLaboral.Tests\AccionLaboral.Tests.csproj", "{C17FF9BF-A968-446A-AE65-CC84510BC30E}"
EndProject
Global
	GlobalSection(SolutionConfigurationPlatforms) = preSolution
		Debug|Any CPU = Debug|Any CPU
		Release|Any CPU = Release|Any CPU
	EndGlobalSection
	GlobalSection(ProjectConfigurationPlatforms) = postSolution
		{0598C3C4-C8A4-48D2-86F3-D7A5067EF050}.Debug|Any CPU.ActiveCfg = Debug|Any CPU
		{0598C3C4-C8A4-48D2-86F3-D7A5067EF050}.Debug|Any CPU.Build.0 = Debug|Any CPU
		{0598C3C4-C8A4-48D2-86F3-D7A5067EF050}.Release|Any CPU.ActiveCfg = Release|Any CPU
		{0598C3C4-C8A4-48D2-86F3-D7A5067EF050}.Release|Any CPU.Build.0 = Release|Any CPU
		{C17FF9BF-A968-446A-AE65-CC84510BC30E}.Debug|Any CPU.ActiveCfg = Debug|Any CPU
		{C17FF9BF-A968-446A-AE65-CC84510BC30E}.Debug|Any CPU.Build.0 = Debug|Any CPU
		{C17FF9BF-A968-446A-AE65-CC84510BC30E}.Release|Any CPU.ActiveCfg = Release|Any CPU
		{C17FF9BF-A968-446A-AE65-CC84510BC30E}.Release|Any CPU.Build.0 = Release|Any CPU
	EndGlobalSection
	GlobalSection(SolutionProperties) = preSolution
		HideSolutionNode = FALSE
	EndGlobalSection
EndGlobal
